dependencies:
  idf:
    component_hash: null
    source:
      type: idf
    version: 5.1.3
  protocol_examples_common:
    component_hash: null
    source:
      path: C:\Users\TrinhLeHuy\esp\v5.1.3\esp-idf\examples\common_components\protocol_examples_common
      type: local
    version: '*'
manifest_hash: 1fe9ee5c6f865af2d04ecfc447143812dc0078a7d72bc7e5caff75283972c2d3
target: esp32c3
version: 1.0.0
